
Microsoft Visual Studio Solution File, Format Version 12.00
# Visual Studio Version 17
VisualStudioVersion = 17.12.35527.113 d17.12
MinimumVisualStudioVersion = 10.0.40219.1
Project("{FAE04EC0-301F-11D3-BF4B-00C04F79EFBC}") = "Demo", "Demo\Demo.csproj", "{91715D31-DFE1-4605-A98E-55B9D022DB1B}"
EndProject
Project("{FAE04EC0-301F-11D3-BF4B-00C04F79EFBC}") = "ConsoleApp1", "ConsoleApp1\ConsoleApp1.csproj", "{AABB3BD9-8C9E-487B-BF0A-84221C825BB7}"
EndProject
Project("{FAE04EC0-301F-11D3-BF4B-00C04F79EFBC}") = "Db First", "Db First\Db First.csproj", "{2A844141-D095-43B0-86D6-5421250FBDDE}"
EndProject
Project("{FAE04EC0-301F-11D3-BF4B-00C04F79EFBC}") = "Db First Using EF Core Power Tools", "Db First Using EF Core Power Tools\Db First Using EF Core Power Tools.csproj", "{97D6B836-A39A-4992-8BF2-3D8A7E98D754}"
EndProject
Global
	GlobalSection(SolutionConfigurationPlatforms) = preSolution
		Debug|Any CPU = Debug|Any CPU
		Release|Any CPU = Release|Any CPU
	EndGlobalSection
	GlobalSection(ProjectConfigurationPlatforms) = postSolution
		{91715D31-DFE1-4605-A98E-55B9D022DB1B}.Debug|Any CPU.ActiveCfg = Debug|Any CPU
		{91715D31-DFE1-4605-A98E-55B9D022DB1B}.Debug|Any CPU.Build.0 = Debug|Any CPU
		{91715D31-DFE1-4605-A98E-55B9D022DB1B}.Release|Any CPU.ActiveCfg = Release|Any CPU
		{91715D31-DFE1-4605-A98E-55B9D022DB1B}.Release|Any CPU.Build.0 = Release|Any CPU
		{AABB3BD9-8C9E-487B-BF0A-84221C825BB7}.Debug|Any CPU.ActiveCfg = Debug|Any CPU
		{AABB3BD9-8C9E-487B-BF0A-84221C825BB7}.Debug|Any CPU.Build.0 = Debug|Any CPU
		{AABB3BD9-8C9E-487B-BF0A-84221C825BB7}.Release|Any CPU.ActiveCfg = Release|Any CPU
		{AABB3BD9-8C9E-487B-BF0A-84221C825BB7}.Release|Any CPU.Build.0 = Release|Any CPU
		{2A844141-D095-43B0-86D6-5421250FBDDE}.Debug|Any CPU.ActiveCfg = Debug|Any CPU
		{2A844141-D095-43B0-86D6-5421250FBDDE}.Debug|Any CPU.Build.0 = Debug|Any CPU
		{2A844141-D095-43B0-86D6-5421250FBDDE}.Release|Any CPU.ActiveCfg = Release|Any CPU
		{2A844141-D095-43B0-86D6-5421250FBDDE}.Release|Any CPU.Build.0 = Release|Any CPU
		{97D6B836-A39A-4992-8BF2-3D8A7E98D754}.Debug|Any CPU.ActiveCfg = Debug|Any CPU
		{97D6B836-A39A-4992-8BF2-3D8A7E98D754}.Debug|Any CPU.Build.0 = Debug|Any CPU
		{97D6B836-A39A-4992-8BF2-3D8A7E98D754}.Release|Any CPU.ActiveCfg = Release|Any CPU
		{97D6B836-A39A-4992-8BF2-3D8A7E98D754}.Release|Any CPU.Build.0 = Release|Any CPU
	EndGlobalSection
	GlobalSection(SolutionProperties) = preSolution
		HideSolutionNode = FALSE
	EndGlobalSection
EndGlobal
